Microsoft Visual Studio Solution File, Format Version 12.00
# Visual Studio Version 17
VisualStudioVersion = 17.5.2.0
MinimumVisualStudioVersion = 10.0.40219.1
Project("{2150E333-8FDC-42A3-9474-1A3956D46DE8}") = "backend", "backend", "{1AE8ACA6-933B-BF2A-3671-3E2EAC007D16}"
EndProject
Project("{2150E333-8FDC-42A3-9474-1A3956D46DE8}") = "reporting-service", "reporting-service", "{07BE20E7-A87A-0957-DF4A-1C3B66C8A832}"
EndProject
Project("{FAE04EC0-301F-11D3-BF4B-00C04F79EFBC}") = "ReportingService", "backend\reporting-service\ReportingService\ReportingService.csproj", "{15CDC7F3-DDDE-2481-7C4B-9691E1E71AF6}"
EndProject
Global
	GlobalSection(SolutionConfigurationPlatforms) = preSolution
		Debug|Any CPU = Debug|Any CPU
		Release|Any CPU = Release|Any CPU
	EndGlobalSection
	GlobalSection(ProjectConfigurationPlatforms) = postSolution
		{15CDC7F3-DDDE-2481-7C4B-9691E1E71AF6}.Debug|Any CPU.ActiveCfg = Debug|Any CPU
		{15CDC7F3-DDDE-2481-7C4B-9691E1E71AF6}.Debug|Any CPU.Build.0 = Debug|Any CPU
		{15CDC7F3-DDDE-2481-7C4B-9691E1E71AF6}.Release|Any CPU.ActiveCfg = Release|Any CPU
		{15CDC7F3-DDDE-2481-7C4B-9691E1E71AF6}.Release|Any CPU.Build.0 = Release|Any CPU
	EndGlobalSection
	GlobalSection(SolutionProperties) = preSolution
		HideSolutionNode = FALSE
	EndGlobalSection
	GlobalSection(NestedProjects) = preSolution
		{07BE20E7-A87A-0957-DF4A-1C3B66C8A832} = {1AE8ACA6-933B-BF2A-3671-3E2EAC007D16}
		{15CDC7F3-DDDE-2481-7C4B-9691E1E71AF6} = {07BE20E7-A87A-0957-DF4A-1C3B66C8A832}
	EndGlobalSection
	GlobalSection(ExtensibilityGlobals) = postSolution
		SolutionGuid = {BC682CC0-5952-4B3A-900B-06692189A483}
	EndGlobalSection
EndGlobal
